// !$*UTF8*$!
{
	archiveVersion = 1;
	classes = {
	};
	objectVersion = 48;
	objects = {

/* Begin PBXBuildFile section */
		A294F7C220530FD800195712 /* RSMasterTableViewKit.h in Headers */ = {isa = PBXBuildFile; fileRef = A294F7C020530FD800195712 /* RSMasterTableViewKit.h */; settings = {ATTRIBUTES = (Public, ); }; };
		A294F7D5205310AB00195712 /* RSTableView.swift in Sources */ = {isa = PBXBuildFile; fileRef = A294F7D4205310AB00195712 /* RSTableView.swift */; };
		A2A47FE0205EF6E000F989DF /* RSSearchController.swift in Sources */ = {isa = PBXBuildFile; fileRef = A2A47FDF205EF6E000F989DF /* RSSearchController.swift */; };
		A2FC879E205D2800000DB9EE /* Constants.swift in Sources */ = {isa = PBXBuildFile; fileRef = A2FC879C205D2800000DB9EE /* Constants.swift */; };
		A2FC879F205D2800000DB9EE /* RSMasterTableViewExtensions.swift in Sources */ = {isa = PBXBuildFile; fileRef = A2FC879D205D2800000DB9EE /* RSMasterTableViewExtensions.swift */; };
		A2FC87A1205D2910000DB9EE /* RSTableViewDataSource.swift in Sources */ = {isa = PBXBuildFile; fileRef = A2FC87A0205D2910000DB9EE /* RSTableViewDataSource.swift */; };
		A2FC87A3205D377A000DB9EE /* RSTableViewCell.swift in Sources */ = {isa = PBXBuildFile; fileRef = A2FC87A2205D377A000DB9EE /* RSTableViewCell.swift */; };
		A2FC87A9205D672F000DB9EE /* RSEmptyDataView.xib in Resources */ = {isa = PBXBuildFile; fileRef = A2FC87A8205D672F000DB9EE /* RSEmptyDataView.xib */; };
		A2FC87AB205D6979000DB9EE /* RSEmptyDataView.swift in Sources */ = {isa = PBXBuildFile; fileRef = A2FC87AA205D6979000DB9EE /* RSEmptyDataView.swift */; };
/* End PBXBuildFile section */

/* Begin PBXFileReference section */
		A294F7BD20530FD800195712 /* RSMasterTableViewKit.framework */ = {isa = PBXFileReference; explicitFileType = wrapper.framework; includeInIndex = 0; path = RSMasterTableViewKit.framework; sourceTree = BUILT_PRODUCTS_DIR; };
		A294F7C020530FD800195712 /* RSMasterTableViewKit.h */ = {isa = PBXFileReference; lastKnownFileType = sourcecode.c.h; path = RSMasterTableViewKit.h; sourceTree = "<group>"; };
		A294F7C120530FD800195712 /* Info.plist */ = {isa = PBXFileReference; lastKnownFileType = text.plist.xml; path = Info.plist; sourceTree = "<group>"; };
		A294F7D4205310AB00195712 /* RSTableView.swift */ = {isa = PBXFileReference; lastKnownFileType = sourcecode.swift; path = RSTableView.swift; sourceTree = "<group>"; };
		A2A47FDF205EF6E000F989DF /* RSSearchController.swift */ = {isa = PBXFileReference; lastKnownFileType = sourcecode.swift; path = RSSearchController.swift; sourceTree = "<group>"; };
		A2FC879C205D2800000DB9EE /* Constants.swift */ = {isa = PBXFileReference; fileEncoding = 4; lastKnownFileType = sourcecode.swift; path = Constants.swift; sourceTree = "<group>"; };
		A2FC879D205D2800000DB9EE /* RSMasterTableViewExtensions.swift */ = {isa = PBXFileReference; fileEncoding = 4; lastKnownFileType = sourcecode.swift; path = RSMasterTableViewExtensions.swift; sourceTree = "<group>"; };
		A2FC87A0205D2910000DB9EE /* RSTableViewDataSource.swift */ = {isa = PBXFileReference; lastKnownFileType = sourcecode.swift; path = RSTableViewDataSource.swift; sourceTree = "<group>"; };
		A2FC87A2205D377A000DB9EE /* RSTableViewCell.swift */ = {isa = PBXFileReference; lastKnownFileType = sourcecode.swift; path = RSTableViewCell.swift; sourceTree = "<group>"; };
		A2FC87A8205D672F000DB9EE /* RSEmptyDataView.xib */ = {isa = PBXFileReference; lastKnownFileType = file.xib; path = RSEmptyDataView.xib; sourceTree = "<group>"; };
		A2FC87AA205D6979000DB9EE /* RSEmptyDataView.swift */ = {isa = PBXFileReference; lastKnownFileType = sourcecode.swift; path = RSEmptyDataView.swift; sourceTree = "<group>"; };
/* End PBXFileReference section */

/* Begin PBXFrameworksBuildPhase section */
		A294F7B920530FD800195712 /* Frameworks */ = {
			isa = PBXFrameworksBuildPhase;
			buildActionMask = 2147483647;
			files = (
			);
			runOnlyForDeploymentPostprocessing = 0;
		};
/* End PBXFrameworksBuildPhase section */

/* Begin PBXGroup section */
		A294F7B320530FD800195712 = {
			isa = PBXGroup;
			children = (
				A294F7BF20530FD800195712 /* RSMasterTableViewKit */,
				A294F7BE20530FD800195712 /* Products */,
			);
			sourceTree = "<group>";
		};
		A294F7BE20530FD800195712 /* Products */ = {
			isa = PBXGroup;
			children = (
				A294F7BD20530FD800195712 /* RSMasterTableViewKit.framework */,
			);
			name = Products;
			sourceTree = "<group>";
		};
		A294F7BF20530FD800195712 /* RSMasterTableViewKit */ = {
			isa = PBXGroup;
			children = (
				A2FC879B205D2800000DB9EE /* Utilities */,
				A294F7D32053107300195712 /* Source */,
				A2FC87A7205D6714000DB9EE /* Views */,
				A294F7C020530FD800195712 /* RSMasterTableViewKit.h */,
				A294F7C120530FD800195712 /* Info.plist */,
			);
			path = RSMasterTableViewKit;
			sourceTree = "<group>";
		};
		A294F7D32053107300195712 /* Source */ = {
			isa = PBXGroup;
			children = (
				A294F7D4205310AB00195712 /* RSTableView.swift */,
				A2FC87A0205D2910000DB9EE /* RSTableViewDataSource.swift */,
				A2FC87A2205D377A000DB9EE /* RSTableViewCell.swift */,
				A2FC87AA205D6979000DB9EE /* RSEmptyDataView.swift */,
				A2A47FDF205EF6E000F989DF /* RSSearchController.swift */,
			);
			path = Source;
			sourceTree = "<group>";
		};
		A2FC879B205D2800000DB9EE /* Utilities */ = {
			isa = PBXGroup;
			children = (
				A2FC879C205D2800000DB9EE /* Constants.swift */,
				A2FC879D205D2800000DB9EE /* RSMasterTableViewExtensions.swift */,
			);
			path = Utilities;
			sourceTree = "<group>";
		};
		A2FC87A7205D6714000DB9EE /* Views */ = {
			isa = PBXGroup;
			children = (
				A2FC87A8205D672F000DB9EE /* RSEmptyDataView.xib */,
			);
			path = Views;
			sourceTree = "<group>";
		};
/* End PBXGroup section */

/* Begin PBXHeadersBuildPhase section */
		A294F7BA20530FD800195712 /* Headers */ = {
			isa = PBXHeadersBuildPhase;
			buildActionMask = 2147483647;
			files = (
				A294F7C220530FD800195712 /* RSMasterTableViewKit.h in Headers */,
			);
			runOnlyForDeploymentPostprocessing = 0;
		};
/* End PBXHeadersBuildPhase section */

/* Begin PBXNativeTarget section */
		A294F7BC20530FD800195712 /* RSMasterTableViewKit */ = {
			isa = PBXNativeTarget;
			buildConfigurationList = A294F7C520530FD800195712 /* Build configuration list for PBXNativeTarget "RSMasterTableViewKit" */;
			buildPhases = (
				A294F7B820530FD800195712 /* Sources */,
				A294F7B920530FD800195712 /* Frameworks */,
				A294F7BA20530FD800195712 /* Headers */,
				A294F7BB20530FD800195712 /* Resources */,
			);
			buildRules = (
			);
			dependencies = (
			);
			name = RSMasterTableViewKit;
			productName = RSMasterTableViewKit;
			productReference = A294F7BD20530FD800195712 /* RSMasterTableViewKit.framework */;
			productType = "com.apple.product-type.framework";
		};
/* End PBXNativeTarget section */

/* Begin PBXProject section */
		A294F7B420530FD800195712 /* Project object */ = {
			isa = PBXProject;
			attributes = {
				LastUpgradeCheck = 0930;
				ORGANIZATIONNAME = "Rushi Sangani";
				TargetAttributes = {
					A294F7BC20530FD800195712 = {
						CreatedOnToolsVersion = 9.2;
						LastSwiftMigration = 0920;
						ProvisioningStyle = Automatic;
					};
				};
			};
			buildConfigurationList = A294F7B720530FD800195712 /* Build configuration list for PBXProject "RSMasterTableViewKit" */;
			compatibilityVersion = "Xcode 8.0";
			developmentRegion = en;
			hasScannedForEncodings = 0;
			knownRegions = (
				en,
			);
			mainGroup = A294F7B320530FD800195712;
			productRefGroup = A294F7BE20530FD800195712 /* Products */;
			projectDirPath = "";
			projectRoot = "";
			targets = (
				A294F7BC20530FD800195712 /* RSMasterTableViewKit */,
			);
		};
/* End PBXProject section */

/* Begin PBXResourcesBuildPhase section */
		A294F7BB20530FD800195712 /* Resources */ = {
			isa = PBXResourcesBuildPhase;
			buildActionMask = 2147483647;
			files = (
				A2FC87A9205D672F000DB9EE /* RSEmptyDataView.xib in Resources */,
			);
			runOnlyForDeploymentPostprocessing = 0;
		};
/* End PBXResourcesBuildPhase section */

/* Begin PBXSourcesBuildPhase section */
		A294F7B820530FD800195712 /* Sources */ = {
			isa = PBXSourcesBuildPhase;
			buildActionMask = 2147483647;
			files = (
				A2FC87A3205D377A000DB9EE /* RSTableViewCell.swift in Sources */,
				A2A47FE0205EF6E000F989DF /* RSSearchController.swift in Sources */,
				A294F7D5205310AB00195712 /* RSTableView.swift in Sources */,
				A2FC87A1205D2910000DB9EE /* RSTableViewDataSource.swift in Sources */,
				A2FC879F205D2800000DB9EE /* RSMasterTableViewExtensions.swift in Sources */,
				A2FC879E205D2800000DB9EE /* Constants.swift in Sources */,
				A2FC87AB205D6979000DB9EE /* RSEmptyDataView.swift in Sources */,
			);
			runOnlyForDeploymentPostprocessing = 0;
		};
/* End PBXSourcesBuildPhase section */

/* Begin XCBuildConfiguration section */
		A294F7C320530FD800195712 /* Debug */ = {
			isa = XCBuildConfiguration;
			buildSettings = {
				ALWAYS_SEARCH_USER_PATHS = NO;
				CLANG_ANALYZER_NONNULL = YES;
				CLANG_ANALYZER_NUMBER_OBJECT_CONVERSION = YES_AGGRESSIVE;
				CLANG_CXX_LANGUAGE_STANDARD = "gnu++14";
				CLANG_CXX_LIBRARY = "libc++";
				CLANG_ENABLE_MODULES = YES;
				CLANG_ENABLE_OBJC_ARC = YES;
				CLANG_WARN_BLOCK_CAPTURE_AUTORELEASING = YES;
				CLANG_WARN_BOOL_CONVERSION = YES;
				CLANG_WARN_COMMA = YES;
				CLANG_WARN_CONSTANT_CONVERSION = YES;
				CLANG_WARN_DEPRECATED_OBJC_IMPLEMENTATIONS = YES;
				CLANG_WARN_DIRECT_OBJC_ISA_USAGE = YES_ERROR;
				CLANG_WARN_DOCUMENTATION_COMMENTS = YES;
				CLANG_WARN_EMPTY_BODY = YES;
				CLANG_WARN_ENUM_CONVERSION = YES;
				CLANG_WARN_INFINITE_RECURSION = YES;
				CLANG_WARN_INT_CONVERSION = YES;
				CLANG_WARN_NON_LITERAL_NULL_CONVERSION = YES;
				CLANG_WARN_OBJC_IMPLICIT_RETAIN_SELF = YES;
				CLANG_WARN_OBJC_LITERAL_CONVERSION = YES;
				CLANG_WARN_OBJC_ROOT_CLASS = YES_ERROR;
				CLANG_WARN_RANGE_LOOP_ANALYSIS = YES;
				CLANG_WARN_STRICT_PROTOTYPES = YES;
				CLANG_WARN_SUSPICIOUS_MOVE = YES;
				CLANG_WARN_UNGUARDED_AVAILABILITY = YES_AGGRESSIVE;
				CLANG_WARN_UNREACHABLE_CODE = YES;
				CLANG_WARN__DUPLICATE_METHOD_MATCH = YES;
				CODE_SIGN_IDENTITY = "iPhone Developer";
				COPY_PHASE_STRIP = NO;
				CURRENT_PROJECT_VERSION = 1;
				DEBUG_INFORMATION_FORMAT = dwarf;
				ENABLE_STRICT_OBJC_MSGSEND = YES;
				ENABLE_TESTABILITY = YES;
				GCC_C_LANGUAGE_STANDARD = gnu11;
				GCC_DYNAMIC_NO_PIC = NO;
				GCC_NO_COMMON_BLOCKS = YES;
				GCC_OPTIMIZATION_LEVEL = 0;
				GCC_PREPROCESSOR_DEFINITIONS = (
					"DEBUG=1",
					"$(inherited)",
				);
				GCC_WARN_64_TO_32_BIT_CONVERSION = YES;
				GCC_WARN_ABOUT_RETURN_TYPE = YES_ERROR;
				GCC_WARN_UNDECLARED_SELECTOR = YES;
				GCC_WARN_UNINITIALIZED_AUTOS = YES_AGGRESSIVE;
				GCC_WARN_UNUSED_FUNCTION = YES;
				GCC_WARN_UNUSED_VARIABLE = YES;
				IPHONEOS_DEPLOYMENT_TARGET = 9.0;
				MTL_ENABLE_DEBUG_INFO = YES;
				ONLY_ACTIVE_ARCH = YES;
				SDKROOT = iphoneos;
				SWIFT_ACTIVE_COMPILATION_CONDITIONS = DEBUG;
				SWIFT_OPTIMIZATION_LEVEL = "-Onone";
				VERSIONING_SYSTEM = "apple-generic";
				VERSION_INFO_PREFIX = "";
			};
			name = Debug;
		};
		A294F7C420530FD800195712 /* Release */ = {
			isa = XCBuildConfiguration;
			buildSettings = {
				ALWAYS_SEARCH_USER_PATHS = NO;
				CLANG_ANALYZER_NONNULL = YES;
				CLANG_ANALYZER_NUMBER_OBJECT_CONVERSION = YES_AGGRESSIVE;
				CLANG_CXX_LANGUAGE_STANDARD = "gnu++14";
				CLANG_CXX_LIBRARY = "libc++";
				CLANG_ENABLE_MODULES = YES;
				CLANG_ENABLE_OBJC_ARC = YES;
				CLANG_WARN_BLOCK_CAPTURE_AUTORELEASING = YES;
				CLANG_WARN_BOOL_CONVERSION = YES;
				CLANG_WARN_COMMA = YES;
				CLANG_WARN_CONSTANT_CONVERSION = YES;
				CLANG_WARN_DEPRECATED_OBJC_IMPLEMENTATIONS = YES;
				CLANG_WARN_DIRECT_OBJC_ISA_USAGE = YES_ERROR;
				CLANG_WARN_DOCUMENTATION_COMMENTS = YES;
				CLANG_WARN_EMPTY_BODY = YES;
				CLANG_WARN_ENUM_CONVERSION = YES;
				CLANG_WARN_INFINITE_RECURSION = YES;
				CLANG_WARN_INT_CONVERSION = YES;
				CLANG_WARN_NON_LITERAL_NULL_CONVERSION = YES;
				CLANG_WARN_OBJC_IMPLICIT_RETAIN_SELF = YES;
				CLANG_WARN_OBJC_LITERAL_CONVERSION = YES;
				CLANG_WARN_OBJC_ROOT_CLASS = YES_ERROR;
				CLANG_WARN_RANGE_LOOP_ANALYSIS = YES;
				CLANG_WARN_STRICT_PROTOTYPES = YES;
				CLANG_WARN_SUSPICIOUS_MOVE = YES;
				CLANG_WARN_UNGUARDED_AVAILABILITY = YES_AGGRESSIVE;
				CLANG_WARN_UNREACHABLE_CODE = YES;
				CLANG_WARN__DUPLICATE_METHOD_MATCH = YES;
				CODE_SIGN_IDENTITY = "iPhone Developer";
				COPY_PHASE_STRIP = NO;
				CURRENT_PROJECT_VERSION = 1;
				DEBUG_INFORMATION_FORMAT = "dwarf-with-dsym";
				ENABLE_NS_ASSERTIONS = NO;
				ENABLE_STRICT_OBJC_MSGSEND = YES;
				GCC_C_LANGUAGE_STANDARD = gnu11;
				GCC_NO_COMMON_BLOCKS = YES;
				GCC_WARN_64_TO_32_BIT_CONVERSION = YES;
				GCC_WARN_ABOUT_RETURN_TYPE = YES_ERROR;
				GCC_WARN_UNDECLARED_SELECTOR = YES;
				GCC_WARN_UNINITIALIZED_AUTOS = YES_AGGRESSIVE;
				GCC_WARN_UNUSED_FUNCTION = YES;
				GCC_WARN_UNUSED_VARIABLE = YES;
				IPHONEOS_DEPLOYMENT_TARGET = 9.0;
				MTL_ENABLE_DEBUG_INFO = NO;
				SDKROOT = iphoneos;
				SWIFT_OPTIMIZATION_LEVEL = "-Owholemodule";
				VALIDATE_PRODUCT = YES;
				VERSIONING_SYSTEM = "apple-generic";
				VERSION_INFO_PREFIX = "";
			};
			name = Release;
		};
		A294F7C620530FD800195712 /* Debug */ = {
			isa = XCBuildConfiguration;
			buildSettings = {
				CLANG_ENABLE_MODULES = YES;
				CODE_SIGN_IDENTITY = "";
				CODE_SIGN_STYLE = Automatic;
				DEFINES_MODULE = YES;
				DEVELOPMENT_TEAM = M9KRH522ST;
				DYLIB_COMPATIBILITY_VERSION = 1;
				DYLIB_CURRENT_VERSION = 1;
				DYLIB_INSTALL_NAME_BASE = "@rpath";
				INFOPLIST_FILE = RSMasterTableViewKit/Info.plist;
				INSTALL_PATH = "$(LOCAL_LIBRARY_DIR)/Frameworks";
				IPHONEOS_DEPLOYMENT_TARGET = 9.1;
				LD_RUNPATH_SEARCH_PATHS = "$(inherited) @executable_path/Frameworks @loader_path/Frameworks";
				PRODUCT_BUNDLE_IDENTIFIER = com.rushi.RSMasterTableViewKit;
				PRODUCT_NAME = "$(TARGET_NAME:c99extidentifier)";
				SKIP_INSTALL = YES;
				SWIFT_OPTIMIZATION_LEVEL = "-Onone";
				SWIFT_VERSION = 4.0;
				TARGETED_DEVICE_FAMILY = "1,2";
			};
			name = Debug;
		};
		A294F7C720530FD800195712 /* Release */ = {
			isa = XCBuildConfiguration;
			buildSettings = {
				CLANG_ENABLE_MODULES = YES;
				CODE_SIGN_IDENTITY = "";
				CODE_SIGN_STYLE = Automatic;
				DEFINES_MODULE = YES;
				DEVELOPMENT_TEAM = M9KRH522ST;
				DYLIB_COMPATIBILITY_VERSION = 1;
				DYLIB_CURRENT_VERSION = 1;
				DYLIB_INSTALL_NAME_BASE = "@rpath";
				INFOPLIST_FILE = RSMasterTableViewKit/Info.plist;
				INSTALL_PATH = "$(LOCAL_LIBRARY_DIR)/Frameworks";
				IPHONEOS_DEPLOYMENT_TARGET = 9.1;
				LD_RUNPATH_SEARCH_PATHS = "$(inherited) @executable_path/Frameworks @loader_path/Frameworks";
				PRODUCT_BUNDLE_IDENTIFIER = com.rushi.RSMasterTableViewKit;
				PRODUCT_NAME = "$(TARGET_NAME:c99extidentifier)";
				SKIP_INSTALL = YES;
				SWIFT_VERSION = 4.0;
				TARGETED_DEVICE_FAMILY = "1,2";
			};
			name = Release;
		};
/* End XCBuildConfiguration section */

/* Begin XCConfigurationList section */
		A294F7B720530FD800195712 /* Build configuration list for PBXProject "RSMasterTableViewKit" */ = {
			isa = XCConfigurationList;
			buildConfigurations = (
				A294F7C320530FD800195712 /* Debug */,
				A294F7C420530FD800195712 /* Release */,
			);
			defaultConfigurationIsVisible = 0;
			defaultConfigurationName = Release;
		};
		A294F7C520530FD800195712 /* Build configuration list for PBXNativeTarget "RSMasterTableViewKit" */ = {
			isa = XCConfigurationList;
			buildConfigurations = (
				A294F7C620530FD800195712 /* Debug */,
				A294F7C720530FD800195712 /* Release */,
			);
			defaultConfigurationIsVisible = 0;
			defaultConfigurationName = Release;
		};
/* End XCConfigurationList section */
	};
	rootObject = A294F7B420530FD800195712 /* Project object */;
}
